
Microsoft Visual Studio Solution File, Format Version 12.00
# Visual Studio Version 17
VisualStudioVersion = 17.6.33829.357
MinimumVisualStudioVersion = 10.0.40219.1
Project("{FAE04EC0-301F-11D3-BF4B-00C04F79EFBC}") = "WaveForm_Generator", "WaveForm_Generator\WaveForm_Generator.csproj", "{FF541861-C43B-4498-AD84-205F0948ACD1}"
EndProject
Global
	GlobalSection(SolutionConfigurationPlatforms) = preSolution
		Debug|Any CPU = Debug|Any CPU
		Release|Any CPU = Release|Any CPU
	EndGlobalSection
	GlobalSection(ProjectConfigurationPlatforms) = postSolution
		{FF541861-C43B-4498-AD84-205F0948ACD1}.Debug|Any CPU.ActiveCfg = Debug|Any CPU
		{FF541861-C43B-4498-AD84-205F0948ACD1}.Debug|Any CPU.Build.0 = Debug|Any CPU
		{FF541861-C43B-4498-AD84-205F0948ACD1}.Release|Any CPU.ActiveCfg = Release|Any CPU
		{FF541861-C43B-4498-AD84-205F0948ACD1}.Release|Any CPU.Build.0 = Release|Any CPU
	EndGlobalSection
	GlobalSection(SolutionProperties) = preSolution
		HideSolutionNode = FALSE
	EndGlobalSection
	GlobalSection(ExtensibilityGlobals) = postSolution
		SolutionGuid = {7B6B5DF6-F8A4-41E9-8DDC-682C4DB349D4}
	EndGlobalSection
EndGlobal
